# THIS IS AN AUTOGENERATED FILE. DO NOT EDIT THIS FILE DIRECTLY.
# yarn lockfile v1


c-preprocessor@^0.2.12:
  version "0.2.12"
  resolved "https://registry.yarnpkg.com/c-preprocessor/-/c-preprocessor-0.2.12.tgz#b92eb42835f7cc5d343e00e3017de2a9aaa611bf"
  integrity sha1-uS60KDX3zF00PgDjAX3iqaqmEb8=
